
Microsoft Visual Studio Solution File, Format Version 12.00
# Visual Studio Version 16
VisualStudioVersion = 16.0.33214.272
MinimumVisualStudioVersion = 10.0.40219.1
Project("{FAE04EC0-301F-11D3-BF4B-00C04F79EFBC}") = "Principal", "Principal\Principal.csproj", "{0DD788EA-8176-4D02-BCB7-11D78518FFEC}"
EndProject
Project("{FAE04EC0-301F-11D3-BF4B-00C04F79EFBC}") = "Dominio", "Dominio\Dominio.csproj", "{3A1C5750-1126-4FA7-BF34-E9F8BA340975}"
EndProject
Project("{FAE04EC0-301F-11D3-BF4B-00C04F79EFBC}") = "Datos", "Datos\Datos.csproj", "{A936E176-6C48-47F2-B5CE-17136E727715}"
EndProject
Global
	GlobalSection(SolutionConfigurationPlatforms) = preSolution
		Debug|Any CPU = Debug|Any CPU
		Release|Any CPU = Release|Any CPU
	EndGlobalSection
	GlobalSection(ProjectConfigurationPlatforms) = postSolution
		{0DD788EA-8176-4D02-BCB7-11D78518FFEC}.Debug|Any CPU.ActiveCfg = Debug|Any CPU
		{0DD788EA-8176-4D02-BCB7-11D78518FFEC}.Debug|Any CPU.Build.0 = Debug|Any CPU
		{0DD788EA-8176-4D02-BCB7-11D78518FFEC}.Release|Any CPU.ActiveCfg = Release|Any CPU
		{0DD788EA-8176-4D02-BCB7-11D78518FFEC}.Release|Any CPU.Build.0 = Release|Any CPU
		{3A1C5750-1126-4FA7-BF34-E9F8BA340975}.Debug|Any CPU.ActiveCfg = Debug|Any CPU
		{3A1C5750-1126-4FA7-BF34-E9F8BA340975}.Debug|Any CPU.Build.0 = Debug|Any CPU
		{3A1C5750-1126-4FA7-BF34-E9F8BA340975}.Release|Any CPU.ActiveCfg = Release|Any CPU
		{3A1C5750-1126-4FA7-BF34-E9F8BA340975}.Release|Any CPU.Build.0 = Release|Any CPU
		{A936E176-6C48-47F2-B5CE-17136E727715}.Debug|Any CPU.ActiveCfg = Debug|Any CPU
		{A936E176-6C48-47F2-B5CE-17136E727715}.Debug|Any CPU.Build.0 = Debug|Any CPU
		{A936E176-6C48-47F2-B5CE-17136E727715}.Release|Any CPU.ActiveCfg = Release|Any CPU
		{A936E176-6C48-47F2-B5CE-17136E727715}.Release|Any CPU.Build.0 = Release|Any CPU
	EndGlobalSection
	GlobalSection(SolutionProperties) = preSolution
		HideSolutionNode = FALSE
	EndGlobalSection
	GlobalSection(ExtensibilityGlobals) = postSolution
		SolutionGuid = {82B5FB93-B6A0-482D-BA06-A4067D2C9F97}
	EndGlobalSection
EndGlobal
